
Microsoft Visual Studio Solution File, Format Version 12.00
# Visual Studio 14
VisualStudioVersion = 14.0.25420.1
MinimumVisualStudioVersion = 10.0.40219.1
Project("{FAE04EC0-301F-11D3-BF4B-00C04F79EFBC}") = "Server", "Server\Server.csproj", "{EF21457C-7B38-4B96-BB6A-E313F6B0AE98}"
EndProject
Project("{FAE04EC0-301F-11D3-BF4B-00C04F79EFBC}") = "DummyClient", "DummyClient\DummyClient.csproj", "{187F1B06-FB98-4FC7-ADA4-31803B4AA7C2}"
EndProject
Project("{FAE04EC0-301F-11D3-BF4B-00C04F79EFBC}") = "CoCNet", "CoCNet\CoCNet.csproj", "{A6088CE1-4A05-49CB-B4A2-5E08E75F9AF2}"
EndProject
Global
	GlobalSection(SolutionConfigurationPlatforms) = preSolution
		Debug|Any CPU = Debug|Any CPU
		Release|Any CPU = Release|Any CPU
	EndGlobalSection
	GlobalSection(ProjectConfigurationPlatforms) = postSolution
		{EF21457C-7B38-4B96-BB6A-E313F6B0AE98}.Debug|Any CPU.ActiveCfg = Debug|Any CPU
		{EF21457C-7B38-4B96-BB6A-E313F6B0AE98}.Debug|Any CPU.Build.0 = Debug|Any CPU
		{EF21457C-7B38-4B96-BB6A-E313F6B0AE98}.Release|Any CPU.ActiveCfg = Release|Any CPU
		{EF21457C-7B38-4B96-BB6A-E313F6B0AE98}.Release|Any CPU.Build.0 = Release|Any CPU
		{187F1B06-FB98-4FC7-ADA4-31803B4AA7C2}.Debug|Any CPU.ActiveCfg = Debug|Any CPU
		{187F1B06-FB98-4FC7-ADA4-31803B4AA7C2}.Debug|Any CPU.Build.0 = Debug|Any CPU
		{187F1B06-FB98-4FC7-ADA4-31803B4AA7C2}.Release|Any CPU.ActiveCfg = Release|Any CPU
		{187F1B06-FB98-4FC7-ADA4-31803B4AA7C2}.Release|Any CPU.Build.0 = Release|Any CPU
		{A6088CE1-4A05-49CB-B4A2-5E08E75F9AF2}.Debug|Any CPU.ActiveCfg = Debug|Any CPU
		{A6088CE1-4A05-49CB-B4A2-5E08E75F9AF2}.Debug|Any CPU.Build.0 = Debug|Any CPU
		{A6088CE1-4A05-49CB-B4A2-5E08E75F9AF2}.Release|Any CPU.ActiveCfg = Release|Any CPU
		{A6088CE1-4A05-49CB-B4A2-5E08E75F9AF2}.Release|Any CPU.Build.0 = Release|Any CPU
	EndGlobalSection
	GlobalSection(SolutionProperties) = preSolution
		HideSolutionNode = FALSE
	EndGlobalSection
EndGlobal
